// !$*UTF8*$!
{
	archiveVersion = 1;
	classes = {
	};
	objectVersion = 48;
	objects = {

/* Begin PBXBuildFile section */
		BD0CFDC01FC3BCC30097C361 /* PhotoAssetListView.swift in Sources */ = {isa = PBXBuildFile; fileRef = BD0CFDBF1FC3BCC30097C361 /* PhotoAssetListView.swift */; };
		BD0CFDC41FC3BD060097C361 /* AssetCell.swift in Sources */ = {isa = PBXBuildFile; fileRef = BD0CFDC21FC3BD060097C361 /* AssetCell.swift */; };
		BD0CFDC51FC3BD060097C361 /* AssetCell.xib in Resources */ = {isa = PBXBuildFile; fileRef = BD0CFDC31FC3BD060097C361 /* AssetCell.xib */; };
		BD3154A71FC69B4100E3C252 /* swiftBack@3x.png in Resources */ = {isa = PBXBuildFile; fileRef = BD3154A51FC69B4100E3C252 /* swiftBack@3x.png */; };
		BD3154A81FC69B4100E3C252 /* swiftBack@2x.png in Resources */ = {isa = PBXBuildFile; fileRef = BD3154A61FC69B4100E3C252 /* swiftBack@2x.png */; };
		BD3154AB1FC69BC600E3C252 /* swift_audio_play@3x.png in Resources */ = {isa = PBXBuildFile; fileRef = BD3154A91FC69BC500E3C252 /* swift_audio_play@3x.png */; };
		BD3154AC1FC69BC600E3C252 /* swift_audio_play@2x.png in Resources */ = {isa = PBXBuildFile; fileRef = BD3154AA1FC69BC500E3C252 /* swift_audio_play@2x.png */; };
		BD41C8B71FBD402E00054448 /* AppDelegate.swift in Sources */ = {isa = PBXBuildFile; fileRef = BD41C8B61FBD402E00054448 /* AppDelegate.swift */; };
		BD41C8B91FBD402E00054448 /* ViewController.swift in Sources */ = {isa = PBXBuildFile; fileRef = BD41C8B81FBD402E00054448 /* ViewController.swift */; };
		BD41C8BC1FBD402E00054448 /* Main.storyboard in Resources */ = {isa = PBXBuildFile; fileRef = BD41C8BA1FBD402E00054448 /* Main.storyboard */; };
		BD41C8BE1FBD402E00054448 /* Assets.xcassets in Resources */ = {isa = PBXBuildFile; fileRef = BD41C8BD1FBD402E00054448 /* Assets.xcassets */; };
		BD41C8C11FBD402E00054448 /* LaunchScreen.storyboard in Resources */ = {isa = PBXBuildFile; fileRef = BD41C8BF1FBD402E00054448 /* LaunchScreen.storyboard */; };
		BD41C8CC1FBD402E00054448 /* PhotoLibraryTests.swift in Sources */ = {isa = PBXBuildFile; fileRef = BD41C8CB1FBD402E00054448 /* PhotoLibraryTests.swift */; };
		BD41C8D71FBD402E00054448 /* PhotoLibraryUITests.swift in Sources */ = {isa = PBXBuildFile; fileRef = BD41C8D61FBD402E00054448 /* PhotoLibraryUITests.swift */; };
		BD41C9261FBD428700054448 /* AlbumController.swift in Sources */ = {isa = PBXBuildFile; fileRef = BD41C9241FBD428700054448 /* AlbumController.swift */; };
		BD41C9271FBD428700054448 /* AlbumController.xib in Resources */ = {isa = PBXBuildFile; fileRef = BD41C9251FBD428700054448 /* AlbumController.xib */; };
		BD41C92B1FBD5FC100054448 /* AlbumCollectionCell.swift in Sources */ = {isa = PBXBuildFile; fileRef = BD41C9291FBD5FC100054448 /* AlbumCollectionCell.swift */; };
		BD41C92C1FBD5FC100054448 /* AlbumCollectionCell.xib in Resources */ = {isa = PBXBuildFile; fileRef = BD41C92A1FBD5FC100054448 /* AlbumCollectionCell.xib */; };
		BD41C9321FBD673400054448 /* AlbumResult.swift in Sources */ = {isa = PBXBuildFile; fileRef = BD41C9311FBD673400054448 /* AlbumResult.swift */; };
		BD41C9341FBEBB1A00054448 /* AlbumControllerExtension.swift in Sources */ = {isa = PBXBuildFile; fileRef = BD41C9331FBEBB1A00054448 /* AlbumControllerExtension.swift */; };
		BD41C93A1FBEBD1200054448 /* photo_up@3x.png in Resources */ = {isa = PBXBuildFile; fileRef = BD41C9361FBEBD1200054448 /* photo_up@3x.png */; };
		BD41C93B1FBEBD1200054448 /* photo_up@2x.png in Resources */ = {isa = PBXBuildFile; fileRef = BD41C9371FBEBD1200054448 /* photo_up@2x.png */; };
		BD41C93C1FBEBD1200054448 /* photo_down@3x.png in Resources */ = {isa = PBXBuildFile; fileRef = BD41C9381FBEBD1200054448 /* photo_down@3x.png */; };
		BD41C93D1FBEBD1200054448 /* photo_down@2x.png in Resources */ = {isa = PBXBuildFile; fileRef = BD41C9391FBEBD1200054448 /* photo_down@2x.png */; };
		BD41C93F1FBEC20D00054448 /* videoPhoto@2x.png in Resources */ = {isa = PBXBuildFile; fileRef = BD41C93E1FBEC20D00054448 /* videoPhoto@2x.png */; };
		BD41F7BE1FC2C03400C3AF19 /* Animation.swift in Sources */ = {isa = PBXBuildFile; fileRef = BD41F7BD1FC2C03400C3AF19 /* Animation.swift */; };
		BD41F7C01FC2C05600C3AF19 /* TimeInterval.swift in Sources */ = {isa = PBXBuildFile; fileRef = BD41F7BF1FC2C05600C3AF19 /* TimeInterval.swift */; };
		BD6620A51FC7C44C0080E5E1 /* ArrayProtocol.swift in Sources */ = {isa = PBXBuildFile; fileRef = BD6620A41FC7C44C0080E5E1 /* ArrayProtocol.swift */; };
		BD8CB0E81FC40516009209D2 /* photoSelect@2x.png in Resources */ = {isa = PBXBuildFile; fileRef = BD8CB0E71FC40516009209D2 /* photoSelect@2x.png */; };
		BDFF677A1FC2BB4400B43848 /* mark@2x.png in Resources */ = {isa = PBXBuildFile; fileRef = BDFF67781FC2BB4400B43848 /* mark@2x.png */; };
		BDFF677B1FC2BB4400B43848 /* photoNormal@2x.png in Resources */ = {isa = PBXBuildFile; fileRef = BDFF67791FC2BB4400B43848 /* photoNormal@2x.png */; };
/* End PBXBuildFile section */

/* Begin PBXContainerItemProxy section */
		BD41C8C81FBD402E00054448 /* PBXContainerItemProxy */ = {
			isa = PBXContainerItemProxy;
			containerPortal = BD41C8AB1FBD402E00054448 /* Project object */;
			proxyType = 1;
			remoteGlobalIDString = BD41C8B21FBD402E00054448;
			remoteInfo = PhotoLibrary;
		};
		BD41C8D31FBD402E00054448 /* PBXContainerItemProxy */ = {
			isa = PBXContainerItemProxy;
			containerPortal = BD41C8AB1FBD402E00054448 /* Project object */;
			proxyType = 1;
			remoteGlobalIDString = BD41C8B21FBD402E00054448;
			remoteInfo = PhotoLibrary;
		};
/* End PBXContainerItemProxy section */

/* Begin PBXFileReference section */
		BD0CFDBF1FC3BCC30097C361 /* PhotoAssetListView.swift */ = {isa = PBXFileReference; fileEncoding = 4; lastKnownFileType = sourcecode.swift; path = PhotoAssetListView.swift; sourceTree = "<group>"; };
		BD0CFDC21FC3BD060097C361 /* AssetCell.swift */ = {isa = PBXFileReference; fileEncoding = 4; lastKnownFileType = sourcecode.swift; path = AssetCell.swift; sourceTree = "<group>"; };
		BD0CFDC31FC3BD060097C361 /* AssetCell.xib */ = {isa = PBXFileReference; fileEncoding = 4; lastKnownFileType = file.xib; path = AssetCell.xib; sourceTree = "<group>"; };
		BD3154A51FC69B4100E3C252 /* swiftBack@3x.png */ = {isa = PBXFileReference; lastKnownFileType = image.png; path = "swiftBack@3x.png"; sourceTree = "<group>"; };
		BD3154A61FC69B4100E3C252 /* swiftBack@2x.png */ = {isa = PBXFileReference; lastKnownFileType = image.png; path = "swiftBack@2x.png"; sourceTree = "<group>"; };
		BD3154A91FC69BC500E3C252 /* swift_audio_play@3x.png */ = {isa = PBXFileReference; lastKnownFileType = image.png; path = "swift_audio_play@3x.png"; sourceTree = "<group>"; };
		BD3154AA1FC69BC500E3C252 /* swift_audio_play@2x.png */ = {isa = PBXFileReference; lastKnownFileType = image.png; path = "swift_audio_play@2x.png"; sourceTree = "<group>"; };
		BD41C8B31FBD402E00054448 /* PhotoLibrary.app */ = {isa = PBXFileReference; explicitFileType = wrapper.application; includeInIndex = 0; path = PhotoLibrary.app; sourceTree = BUILT_PRODUCTS_DIR; };
		BD41C8B61FBD402E00054448 /* AppDelegate.swift */ = {isa = PBXFileReference; lastKnownFileType = sourcecode.swift; path = AppDelegate.swift; sourceTree = "<group>"; };
		BD41C8B81FBD402E00054448 /* ViewController.swift */ = {isa = PBXFileReference; lastKnownFileType = sourcecode.swift; path = ViewController.swift; sourceTree = "<group>"; };
		BD41C8BB1FBD402E00054448 /* Base */ = {isa = PBXFileReference; lastKnownFileType = file.storyboard; name = Base; path = Base.lproj/Main.storyboard; sourceTree = "<group>"; };
		BD41C8BD1FBD402E00054448 /* Assets.xcassets */ = {isa = PBXFileReference; lastKnownFileType = folder.assetcatalog; path = Assets.xcassets; sourceTree = "<group>"; };
		BD41C8C01FBD402E00054448 /* Base */ = {isa = PBXFileReference; lastKnownFileType = file.storyboard; name = Base; path = Base.lproj/LaunchScreen.storyboard; sourceTree = "<group>"; };
		BD41C8C21FBD402E00054448 /* Info.plist */ = {isa = PBXFileReference; lastKnownFileType = text.plist.xml; path = Info.plist; sourceTree = "<group>"; };
		BD41C8C71FBD402E00054448 /* PhotoLibraryTests.xctest */ = {isa = PBXFileReference; explicitFileType = wrapper.cfbundle; includeInIndex = 0; path = PhotoLibraryTests.xctest; sourceTree = BUILT_PRODUCTS_DIR; };
		BD41C8CB1FBD402E00054448 /* PhotoLibraryTests.swift */ = {isa = PBXFileReference; lastKnownFileType = sourcecode.swift; path = PhotoLibraryTests.swift; sourceTree = "<group>"; };
		BD41C8CD1FBD402E00054448 /* Info.plist */ = {isa = PBXFileReference; lastKnownFileType = text.plist.xml; path = Info.plist; sourceTree = "<group>"; };
		BD41C8D21FBD402E00054448 /* PhotoLibraryUITests.xctest */ = {isa = PBXFileReference; explicitFileType = wrapper.cfbundle; includeInIndex = 0; path = PhotoLibraryUITests.xctest; sourceTree = BUILT_PRODUCTS_DIR; };
		BD41C8D61FBD402E00054448 /* PhotoLibraryUITests.swift */ = {isa = PBXFileReference; lastKnownFileType = sourcecode.swift; path = PhotoLibraryUITests.swift; sourceTree = "<group>"; };
		BD41C8D81FBD402E00054448 /* Info.plist */ = {isa = PBXFileReference; lastKnownFileType = text.plist.xml; path = Info.plist; sourceTree = "<group>"; };
		BD41C9241FBD428700054448 /* AlbumController.swift */ = {isa = PBXFileReference; lastKnownFileType = sourcecode.swift; path = AlbumController.swift; sourceTree = "<group>"; };
		BD41C9251FBD428700054448 /* AlbumController.xib */ = {isa = PBXFileReference; lastKnownFileType = file.xib; path = AlbumController.xib; sourceTree = "<group>"; };
		BD41C9291FBD5FC100054448 /* AlbumCollectionCell.swift */ = {isa = PBXFileReference; lastKnownFileType = sourcecode.swift; path = AlbumCollectionCell.swift; sourceTree = "<group>"; };
		BD41C92A1FBD5FC100054448 /* AlbumCollectionCell.xib */ = {isa = PBXFileReference; lastKnownFileType = file.xib; path = AlbumCollectionCell.xib; sourceTree = "<group>"; };
		BD41C9311FBD673400054448 /* AlbumResult.swift */ = {isa = PBXFileReference; lastKnownFileType = sourcecode.swift; path = AlbumResult.swift; sourceTree = "<group>"; };
		BD41C9331FBEBB1A00054448 /* AlbumControllerExtension.swift */ = {isa = PBXFileReference; lastKnownFileType = sourcecode.swift; path = AlbumControllerExtension.swift; sourceTree = "<group>"; };
		BD41C9361FBEBD1200054448 /* photo_up@3x.png */ = {isa = PBXFileReference; lastKnownFileType = image.png; path = "photo_up@3x.png"; sourceTree = "<group>"; };
		BD41C9371FBEBD1200054448 /* photo_up@2x.png */ = {isa = PBXFileReference; lastKnownFileType = image.png; path = "photo_up@2x.png"; sourceTree = "<group>"; };
		BD41C9381FBEBD1200054448 /* photo_down@3x.png */ = {isa = PBXFileReference; lastKnownFileType = image.png; path = "photo_down@3x.png"; sourceTree = "<group>"; };
		BD41C9391FBEBD1200054448 /* photo_down@2x.png */ = {isa = PBXFileReference; lastKnownFileType = image.png; path = "photo_down@2x.png"; sourceTree = "<group>"; };
		BD41C93E1FBEC20D00054448 /* videoPhoto@2x.png */ = {isa = PBXFileReference; lastKnownFileType = image.png; path = "videoPhoto@2x.png"; sourceTree = "<group>"; };
		BD41F7BD1FC2C03400C3AF19 /* Animation.swift */ = {isa = PBXFileReference; lastKnownFileType = sourcecode.swift; path = Animation.swift; sourceTree = "<group>"; };
		BD41F7BF1FC2C05600C3AF19 /* TimeInterval.swift */ = {isa = PBXFileReference; lastKnownFileType = sourcecode.swift; path = TimeInterval.swift; sourceTree = "<group>"; };
		BD6620A41FC7C44C0080E5E1 /* ArrayProtocol.swift */ = {isa = PBXFileReference; lastKnownFileType = sourcecode.swift; path = ArrayProtocol.swift; sourceTree = "<group>"; };
		BD8CB0E71FC40516009209D2 /* photoSelect@2x.png */ = {isa = PBXFileReference; lastKnownFileType = image.png; path = "photoSelect@2x.png"; sourceTree = "<group>"; };
		BDFF67781FC2BB4400B43848 /* mark@2x.png */ = {isa = PBXFileReference; lastKnownFileType = image.png; path = "mark@2x.png"; sourceTree = "<group>"; };
		BDFF67791FC2BB4400B43848 /* photoNormal@2x.png */ = {isa = PBXFileReference; lastKnownFileType = image.png; path = "photoNormal@2x.png"; sourceTree = "<group>"; };
/* End PBXFileReference section */

/* Begin PBXFrameworksBuildPhase section */
		BD41C8B01FBD402E00054448 /* Frameworks */ = {
			isa = PBXFrameworksBuildPhase;
			buildActionMask = 2147483647;
			files = (
			);
			runOnlyForDeploymentPostprocessing = 0;
		};
		BD41C8C41FBD402E00054448 /* Frameworks */ = {
			isa = PBXFrameworksBuildPhase;
			buildActionMask = 2147483647;
			files = (
			);
			runOnlyForDeploymentPostprocessing = 0;
		};
		BD41C8CF1FBD402E00054448 /* Frameworks */ = {
			isa = PBXFrameworksBuildPhase;
			buildActionMask = 2147483647;
			files = (
			);
			runOnlyForDeploymentPostprocessing = 0;
		};
/* End PBXFrameworksBuildPhase section */

/* Begin PBXGroup section */
		BD0CFDBC1FC3BAA50097C361 /* View */ = {
			isa = PBXGroup;
			children = (
				BD0CFDC11FC3BD060097C361 /* cell */,
				BD0CFDBF1FC3BCC30097C361 /* PhotoAssetListView.swift */,
			);
			path = View;
			sourceTree = "<group>";
		};
		BD0CFDC11FC3BD060097C361 /* cell */ = {
			isa = PBXGroup;
			children = (
				BD0CFDC21FC3BD060097C361 /* AssetCell.swift */,
				BD0CFDC31FC3BD060097C361 /* AssetCell.xib */,
			);
			path = cell;
			sourceTree = "<group>";
		};
		BD41C8AA1FBD402E00054448 = {
			isa = PBXGroup;
			children = (
				BD41C8B51FBD402E00054448 /* PhotoLibrary */,
				BD41C8CA1FBD402E00054448 /* PhotoLibraryTests */,
				BD41C8D51FBD402E00054448 /* PhotoLibraryUITests */,
				BD41C8B41FBD402E00054448 /* Products */,
			);
			sourceTree = "<group>";
		};
		BD41C8B41FBD402E00054448 /* Products */ = {
			isa = PBXGroup;
			children = (
				BD41C8B31FBD402E00054448 /* PhotoLibrary.app */,
				BD41C8C71FBD402E00054448 /* PhotoLibraryTests.xctest */,
				BD41C8D21FBD402E00054448 /* PhotoLibraryUITests.xctest */,
			);
			name = Products;
			sourceTree = "<group>";
		};
		BD41C8B51FBD402E00054448 /* PhotoLibrary */ = {
			isa = PBXGroup;
			children = (
				BD41C9231FBD424C00054448 /* Browse */,
				BD41C8B61FBD402E00054448 /* AppDelegate.swift */,
				BD41C8B81FBD402E00054448 /* ViewController.swift */,
				BD41C8BA1FBD402E00054448 /* Main.storyboard */,
				BD41C8BD1FBD402E00054448 /* Assets.xcassets */,
				BD41C8BF1FBD402E00054448 /* LaunchScreen.storyboard */,
				BD41C8C21FBD402E00054448 /* Info.plist */,
			);
			path = PhotoLibrary;
			sourceTree = "<group>";
		};
		BD41C8CA1FBD402E00054448 /* PhotoLibraryTests */ = {
			isa = PBXGroup;
			children = (
				BD41C8CB1FBD402E00054448 /* PhotoLibraryTests.swift */,
				BD41C8CD1FBD402E00054448 /* Info.plist */,
			);
			path = PhotoLibraryTests;
			sourceTree = "<group>";
		};
		BD41C8D51FBD402E00054448 /* PhotoLibraryUITests */ = {
			isa = PBXGroup;
			children = (
				BD41C8D61FBD402E00054448 /* PhotoLibraryUITests.swift */,
				BD41C8D81FBD402E00054448 /* Info.plist */,
			);
			path = PhotoLibraryUITests;
			sourceTree = "<group>";
		};
		BD41C9231FBD424C00054448 /* Browse */ = {
			isa = PBXGroup;
			children = (
				BD6620A31FC7C4350080E5E1 /* Protocol */,
				BD0CFDBC1FC3BAA50097C361 /* View */,
				BD41F7BC1FC2C02600C3AF19 /* Extension */,
				BD41C9351FBEBD1200054448 /* Resource */,
				BD41C9301FBD670000054448 /* AlbumFetchResult */,
				BD41C9281FBD5FA900054448 /* Cell */,
				BD41C9241FBD428700054448 /* AlbumController.swift */,
				BD41C9251FBD428700054448 /* AlbumController.xib */,
				BD41C9331FBEBB1A00054448 /* AlbumControllerExtension.swift */,
			);
			path = Browse;
			sourceTree = "<group>";
		};
		BD41C9281FBD5FA900054448 /* Cell */ = {
			isa = PBXGroup;
			children = (
				BD41C9291FBD5FC100054448 /* AlbumCollectionCell.swift */,
				BD41C92A1FBD5FC100054448 /* AlbumCollectionCell.xib */,
			);
			path = Cell;
			sourceTree = "<group>";
		};
		BD41C9301FBD670000054448 /* AlbumFetchResult */ = {
			isa = PBXGroup;
			children = (
				BD41C9311FBD673400054448 /* AlbumResult.swift */,
			);
			path = AlbumFetchResult;
			sourceTree = "<group>";
		};
		BD41C9351FBEBD1200054448 /* Resource */ = {
			isa = PBXGroup;
			children = (
				BD3154AA1FC69BC500E3C252 /* swift_audio_play@2x.png */,
				BD3154A91FC69BC500E3C252 /* swift_audio_play@3x.png */,
				BD3154A61FC69B4100E3C252 /* swiftBack@2x.png */,
				BD3154A51FC69B4100E3C252 /* swiftBack@3x.png */,
				BD8CB0E71FC40516009209D2 /* photoSelect@2x.png */,
				BDFF67781FC2BB4400B43848 /* mark@2x.png */,
				BDFF67791FC2BB4400B43848 /* photoNormal@2x.png */,
				BD41C93E1FBEC20D00054448 /* videoPhoto@2x.png */,
				BD41C9361FBEBD1200054448 /* photo_up@3x.png */,
				BD41C9371FBEBD1200054448 /* photo_up@2x.png */,
				BD41C9381FBEBD1200054448 /* photo_down@3x.png */,
				BD41C9391FBEBD1200054448 /* photo_down@2x.png */,
			);
			path = Resource;
			sourceTree = "<group>";
		};
		BD41F7BC1FC2C02600C3AF19 /* Extension */ = {
			isa = PBXGroup;
			children = (
				BD41F7BD1FC2C03400C3AF19 /* Animation.swift */,
				BD41F7BF1FC2C05600C3AF19 /* TimeInterval.swift */,
			);
			path = Extension;
			sourceTree = "<group>";
		};
		BD6620A31FC7C4350080E5E1 /* Protocol */ = {
			isa = PBXGroup;
			children = (
				BD6620A41FC7C44C0080E5E1 /* ArrayProtocol.swift */,
			);
			path = Protocol;
			sourceTree = "<group>";
		};
/* End PBXGroup section */

/* Begin PBXNativeTarget section */
		BD41C8B21FBD402E00054448 /* PhotoLibrary */ = {
			isa = PBXNativeTarget;
			buildConfigurationList = BD41C8DB1FBD402E00054448 /* Build configuration list for PBXNativeTarget "PhotoLibrary" */;
			buildPhases = (
				BD41C8AF1FBD402E00054448 /* Sources */,
				BD41C8B01FBD402E00054448 /* Frameworks */,
				BD41C8B11FBD402E00054448 /* Resources */,
			);
			buildRules = (
			);
			dependencies = (
			);
			name = PhotoLibrary;
			productName = PhotoLibrary;
			productReference = BD41C8B31FBD402E00054448 /* PhotoLibrary.app */;
			productType = "com.apple.product-type.application";
		};
		BD41C8C61FBD402E00054448 /* PhotoLibraryTests */ = {
			isa = PBXNativeTarget;
			buildConfigurationList = BD41C8DE1FBD402E00054448 /* Build configuration list for PBXNativeTarget "PhotoLibraryTests" */;
			buildPhases = (
				BD41C8C31FBD402E00054448 /* Sources */,
				BD41C8C41FBD402E00054448 /* Frameworks */,
				BD41C8C51FBD402E00054448 /* Resources */,
			);
			buildRules = (
			);
			dependencies = (
				BD41C8C91FBD402E00054448 /* PBXTargetDependency */,
			);
			name = PhotoLibraryTests;
			productName = PhotoLibraryTests;
			productReference = BD41C8C71FBD402E00054448 /* PhotoLibraryTests.xctest */;
			productType = "com.apple.product-type.bundle.unit-test";
		};
		BD41C8D11FBD402E00054448 /* PhotoLibraryUITests */ = {
			isa = PBXNativeTarget;
			buildConfigurationList = BD41C8E11FBD402E00054448 /* Build configuration list for PBXNativeTarget "PhotoLibraryUITests" */;
			buildPhases = (
				BD41C8CE1FBD402E00054448 /* Sources */,
				BD41C8CF1FBD402E00054448 /* Frameworks */,
				BD41C8D01FBD402E00054448 /* Resources */,
			);
			buildRules = (
			);
			dependencies = (
				BD41C8D41FBD402E00054448 /* PBXTargetDependency */,
			);
			name = PhotoLibraryUITests;
			productName = PhotoLibraryUITests;
			productReference = BD41C8D21FBD402E00054448 /* PhotoLibraryUITests.xctest */;
			productType = "com.apple.product-type.bundle.ui-testing";
		};
/* End PBXNativeTarget section */

/* Begin PBXProject section */
		BD41C8AB1FBD402E00054448 /* Project object */ = {
			isa = PBXProject;
			attributes = {
				LastSwiftUpdateCheck = 0900;
				LastUpgradeCheck = 0900;
				ORGANIZATIONNAME = "董家祎";
				TargetAttributes = {
					BD41C8B21FBD402E00054448 = {
						CreatedOnToolsVersion = 9.0;
						ProvisioningStyle = Automatic;
					};
					BD41C8C61FBD402E00054448 = {
						CreatedOnToolsVersion = 9.0;
						ProvisioningStyle = Automatic;
						TestTargetID = BD41C8B21FBD402E00054448;
					};
					BD41C8D11FBD402E00054448 = {
						CreatedOnToolsVersion = 9.0;
						ProvisioningStyle = Automatic;
						TestTargetID = BD41C8B21FBD402E00054448;
					};
				};
			};
			buildConfigurationList = BD41C8AE1FBD402E00054448 /* Build configuration list for PBXProject "PhotoLibrary" */;
			compatibilityVersion = "Xcode 8.0";
			developmentRegion = en;
			hasScannedForEncodings = 0;
			knownRegions = (
				en,
				Base,
			);
			mainGroup = BD41C8AA1FBD402E00054448;
			productRefGroup = BD41C8B41FBD402E00054448 /* Products */;
			projectDirPath = "";
			projectRoot = "";
			targets = (
				BD41C8B21FBD402E00054448 /* PhotoLibrary */,
				BD41C8C61FBD402E00054448 /* PhotoLibraryTests */,
				BD41C8D11FBD402E00054448 /* PhotoLibraryUITests */,
			);
		};
/* End PBXProject section */

/* Begin PBXResourcesBuildPhase section */
		BD41C8B11FBD402E00054448 /* Resources */ = {
			isa = PBXResourcesBuildPhase;
			buildActionMask = 2147483647;
			files = (
				BD41C93C1FBEBD1200054448 /* photo_down@3x.png in Resources */,
				BD0CFDC51FC3BD060097C361 /* AssetCell.xib in Resources */,
				BD41C93F1FBEC20D00054448 /* videoPhoto@2x.png in Resources */,
				BD41C8C11FBD402E00054448 /* LaunchScreen.storyboard in Resources */,
				BDFF677A1FC2BB4400B43848 /* mark@2x.png in Resources */,
				BD3154A71FC69B4100E3C252 /* swiftBack@3x.png in Resources */,
				BD3154AC1FC69BC600E3C252 /* swift_audio_play@2x.png in Resources */,
				BD3154AB1FC69BC600E3C252 /* swift_audio_play@3x.png in Resources */,
				BD3154A81FC69B4100E3C252 /* swiftBack@2x.png in Resources */,
				BD8CB0E81FC40516009209D2 /* photoSelect@2x.png in Resources */,
				BD41C93B1FBEBD1200054448 /* photo_up@2x.png in Resources */,
				BD41C93A1FBEBD1200054448 /* photo_up@3x.png in Resources */,
				BD41C9271FBD428700054448 /* AlbumController.xib in Resources */,
				BD41C8BE1FBD402E00054448 /* Assets.xcassets in Resources */,
				BD41C92C1FBD5FC100054448 /* AlbumCollectionCell.xib in Resources */,
				BD41C93D1FBEBD1200054448 /* photo_down@2x.png in Resources */,
				BDFF677B1FC2BB4400B43848 /* photoNormal@2x.png in Resources */,
				BD41C8BC1FBD402E00054448 /* Main.storyboard in Resources */,
			);
			runOnlyForDeploymentPostprocessing = 0;
		};
		BD41C8C51FBD402E00054448 /* Resources */ = {
			isa = PBXResourcesBuildPhase;
			buildActionMask = 2147483647;
			files = (
			);
			runOnlyForDeploymentPostprocessing = 0;
		};
		BD41C8D01FBD402E00054448 /* Resources */ = {
			isa = PBXResourcesBuildPhase;
			buildActionMask = 2147483647;
			files = (
			);
			runOnlyForDeploymentPostprocessing = 0;
		};
/* End PBXResourcesBuildPhase section */

/* Begin PBXSourcesBuildPhase section */
		BD41C8AF1FBD402E00054448 /* Sources */ = {
			isa = PBXSourcesBuildPhase;
			buildActionMask = 2147483647;
			files = (
				BD41C8B91FBD402E00054448 /* ViewController.swift in Sources */,
				BD41F7C01FC2C05600C3AF19 /* TimeInterval.swift in Sources */,
				BD0CFDC41FC3BD060097C361 /* AssetCell.swift in Sources */,
				BD41C92B1FBD5FC100054448 /* AlbumCollectionCell.swift in Sources */,
				BD0CFDC01FC3BCC30097C361 /* PhotoAssetListView.swift in Sources */,
				BD41F7BE1FC2C03400C3AF19 /* Animation.swift in Sources */,
				BD41C9321FBD673400054448 /* AlbumResult.swift in Sources */,
				BD41C9261FBD428700054448 /* AlbumController.swift in Sources */,
				BD6620A51FC7C44C0080E5E1 /* ArrayProtocol.swift in Sources */,
				BD41C8B71FBD402E00054448 /* AppDelegate.swift in Sources */,
				BD41C9341FBEBB1A00054448 /* AlbumControllerExtension.swift in Sources */,
			);
			runOnlyForDeploymentPostprocessing = 0;
		};
		BD41C8C31FBD402E00054448 /* Sources */ = {
			isa = PBXSourcesBuildPhase;
			buildActionMask = 2147483647;
			files = (
				BD41C8CC1FBD402E00054448 /* PhotoLibraryTests.swift in Sources */,
			);
			runOnlyForDeploymentPostprocessing = 0;
		};
		BD41C8CE1FBD402E00054448 /* Sources */ = {
			isa = PBXSourcesBuildPhase;
			buildActionMask = 2147483647;
			files = (
				BD41C8D71FBD402E00054448 /* PhotoLibraryUITests.swift in Sources */,
			);
			runOnlyForDeploymentPostprocessing = 0;
		};
/* End PBXSourcesBuildPhase section */

/* Begin PBXTargetDependency section */
		BD41C8C91FBD402E00054448 /* PBXTargetDependency */ = {
			isa = PBXTargetDependency;
			target = BD41C8B21FBD402E00054448 /* PhotoLibrary */;
			targetProxy = BD41C8C81FBD402E00054448 /* PBXContainerItemProxy */;
		};
		BD41C8D41FBD402E00054448 /* PBXTargetDependency */ = {
			isa = PBXTargetDependency;
			target = BD41C8B21FBD402E00054448 /* PhotoLibrary */;
			targetProxy = BD41C8D31FBD402E00054448 /* PBXContainerItemProxy */;
		};
/* End PBXTargetDependency section */

/* Begin PBXVariantGroup section */
		BD41C8BA1FBD402E00054448 /* Main.storyboard */ = {
			isa = PBXVariantGroup;
			children = (
				BD41C8BB1FBD402E00054448 /* Base */,
			);
			name = Main.storyboard;
			sourceTree = "<group>";
		};
		BD41C8BF1FBD402E00054448 /* LaunchScreen.storyboard */ = {
			isa = PBXVariantGroup;
			children = (
				BD41C8C01FBD402E00054448 /* Base */,
			);
			name = LaunchScreen.storyboard;
			sourceTree = "<group>";
		};
/* End PBXVariantGroup section */

/* Begin XCBuildConfiguration section */
		BD41C8D91FBD402E00054448 /* Debug */ = {
			isa = XCBuildConfiguration;
			buildSettings = {
				ALWAYS_SEARCH_USER_PATHS = NO;
				CLANG_ANALYZER_NONNULL = YES;
				CLANG_ANALYZER_NUMBER_OBJECT_CONVERSION = YES_AGGRESSIVE;
				CLANG_CXX_LANGUAGE_STANDARD = "gnu++14";
				CLANG_CXX_LIBRARY = "libc++";
				CLANG_ENABLE_MODULES = YES;
				CLANG_ENABLE_OBJC_ARC = YES;
				CLANG_WARN_BLOCK_CAPTURE_AUTORELEASING = YES;
				CLANG_WARN_BOOL_CONVERSION = YES;
				CLANG_WARN_COMMA = YES;
				CLANG_WARN_CONSTANT_CONVERSION = YES;
				CLANG_WARN_DIRECT_OBJC_ISA_USAGE = YES_ERROR;
				CLANG_WARN_DOCUMENTATION_COMMENTS = YES;
				CLANG_WARN_EMPTY_BODY = YES;
				CLANG_WARN_ENUM_CONVERSION = YES;
				CLANG_WARN_INFINITE_RECURSION = YES;
				CLANG_WARN_INT_CONVERSION = YES;
				CLANG_WARN_NON_LITERAL_NULL_CONVERSION = YES;
				CLANG_WARN_OBJC_LITERAL_CONVERSION = YES;
				CLANG_WARN_OBJC_ROOT_CLASS = YES_ERROR;
				CLANG_WARN_RANGE_LOOP_ANALYSIS = YES;
				CLANG_WARN_STRICT_PROTOTYPES = YES;
				CLANG_WARN_SUSPICIOUS_MOVE = YES;
				CLANG_WARN_UNGUARDED_AVAILABILITY = YES_AGGRESSIVE;
				CLANG_WARN_UNREACHABLE_CODE = YES;
				CLANG_WARN__DUPLICATE_METHOD_MATCH = YES;
				CODE_SIGN_IDENTITY = "iPhone Developer";
				COPY_PHASE_STRIP = NO;
				DEBUG_INFORMATION_FORMAT = dwarf;
				ENABLE_STRICT_OBJC_MSGSEND = YES;
				ENABLE_TESTABILITY = YES;
				GCC_C_LANGUAGE_STANDARD = gnu11;
				GCC_DYNAMIC_NO_PIC = NO;
				GCC_NO_COMMON_BLOCKS = YES;
				GCC_OPTIMIZATION_LEVEL = 0;
				GCC_PREPROCESSOR_DEFINITIONS = (
					"DEBUG=1",
					"$(inherited)",
				);
				GCC_WARN_64_TO_32_BIT_CONVERSION = YES;
				GCC_WARN_ABOUT_RETURN_TYPE = YES_ERROR;
				GCC_WARN_UNDECLARED_SELECTOR = YES;
				GCC_WARN_UNINITIALIZED_AUTOS = YES_AGGRESSIVE;
				GCC_WARN_UNUSED_FUNCTION = YES;
				GCC_WARN_UNUSED_VARIABLE = YES;
				IPHONEOS_DEPLOYMENT_TARGET = 9.0;
				MTL_ENABLE_DEBUG_INFO = YES;
				ONLY_ACTIVE_ARCH = YES;
				SDKROOT = iphoneos;
				SWIFT_ACTIVE_COMPILATION_CONDITIONS = DEBUG;
				SWIFT_OPTIMIZATION_LEVEL = "-Onone";
			};
			name = Debug;
		};
		BD41C8DA1FBD402E00054448 /* Release */ = {
			isa = XCBuildConfiguration;
			buildSettings = {
				ALWAYS_SEARCH_USER_PATHS = NO;
				CLANG_ANALYZER_NONNULL = YES;
				CLANG_ANALYZER_NUMBER_OBJECT_CONVERSION = YES_AGGRESSIVE;
				CLANG_CXX_LANGUAGE_STANDARD = "gnu++14";
				CLANG_CXX_LIBRARY = "libc++";
				CLANG_ENABLE_MODULES = YES;
				CLANG_ENABLE_OBJC_ARC = YES;
				CLANG_WARN_BLOCK_CAPTURE_AUTORELEASING = YES;
				CLANG_WARN_BOOL_CONVERSION = YES;
				CLANG_WARN_COMMA = YES;
				CLANG_WARN_CONSTANT_CONVERSION = YES;
				CLANG_WARN_DIRECT_OBJC_ISA_USAGE = YES_ERROR;
				CLANG_WARN_DOCUMENTATION_COMMENTS = YES;
				CLANG_WARN_EMPTY_BODY = YES;
				CLANG_WARN_ENUM_CONVERSION = YES;
				CLANG_WARN_INFINITE_RECURSION = YES;
				CLANG_WARN_INT_CONVERSION = YES;
				CLANG_WARN_NON_LITERAL_NULL_CONVERSION = YES;
				CLANG_WARN_OBJC_LITERAL_CONVERSION = YES;
				CLANG_WARN_OBJC_ROOT_CLASS = YES_ERROR;
				CLANG_WARN_RANGE_LOOP_ANALYSIS = YES;
				CLANG_WARN_STRICT_PROTOTYPES = YES;
				CLANG_WARN_SUSPICIOUS_MOVE = YES;
				CLANG_WARN_UNGUARDED_AVAILABILITY = YES_AGGRESSIVE;
				CLANG_WARN_UNREACHABLE_CODE = YES;
				CLANG_WARN__DUPLICATE_METHOD_MATCH = YES;
				CODE_SIGN_IDENTITY = "iPhone Developer";
				COPY_PHASE_STRIP = NO;
				DEBUG_INFORMATION_FORMAT = "dwarf-with-dsym";
				ENABLE_NS_ASSERTIONS = NO;
				ENABLE_STRICT_OBJC_MSGSEND = YES;
				GCC_C_LANGUAGE_STANDARD = gnu11;
				GCC_NO_COMMON_BLOCKS = YES;
				GCC_WARN_64_TO_32_BIT_CONVERSION = YES;
				GCC_WARN_ABOUT_RETURN_TYPE = YES_ERROR;
				GCC_WARN_UNDECLARED_SELECTOR = YES;
				GCC_WARN_UNINITIALIZED_AUTOS = YES_AGGRESSIVE;
				GCC_WARN_UNUSED_FUNCTION = YES;
				GCC_WARN_UNUSED_VARIABLE = YES;
				IPHONEOS_DEPLOYMENT_TARGET = 9.0;
				MTL_ENABLE_DEBUG_INFO = NO;
				SDKROOT = iphoneos;
				SWIFT_OPTIMIZATION_LEVEL = "-Owholemodule";
				VALIDATE_PRODUCT = YES;
			};
			name = Release;
		};
		BD41C8DC1FBD402E00054448 /* Debug */ = {
			isa = XCBuildConfiguration;
			buildSettings = {
				ASSETCATALOG_COMPILER_APPICON_NAME = AppIcon;
				CODE_SIGN_STYLE = Automatic;
				DEVELOPMENT_TEAM = S3ATYAJ48Q;
				INFOPLIST_FILE = PhotoLibrary/Info.plist;
				IPHONEOS_DEPLOYMENT_TARGET = 9.0;
				LD_RUNPATH_SEARCH_PATHS = "$(inherited) @executable_path/Frameworks";
				PRODUCT_BUNDLE_IDENTIFIER = com.jiayi.cameraTest.PhotoLibrary;
				PRODUCT_NAME = "$(TARGET_NAME)";
				SWIFT_VERSION = 4.0;
				TARGETED_DEVICE_FAMILY = "1,2";
			};
			name = Debug;
		};
		BD41C8DD1FBD402E00054448 /* Release */ = {
			isa = XCBuildConfiguration;
			buildSettings = {
				ASSETCATALOG_COMPILER_APPICON_NAME = AppIcon;
				CODE_SIGN_STYLE = Automatic;
				DEVELOPMENT_TEAM = S3ATYAJ48Q;
				INFOPLIST_FILE = PhotoLibrary/Info.plist;
				IPHONEOS_DEPLOYMENT_TARGET = 9.0;
				LD_RUNPATH_SEARCH_PATHS = "$(inherited) @executable_path/Frameworks";
				PRODUCT_BUNDLE_IDENTIFIER = com.jiayi.cameraTest.PhotoLibrary;
				PRODUCT_NAME = "$(TARGET_NAME)";
				SWIFT_VERSION = 4.0;
				TARGETED_DEVICE_FAMILY = "1,2";
			};
			name = Release;
		};
		BD41C8DF1FBD402E00054448 /* Debug */ = {
			isa = XCBuildConfiguration;
			buildSettings = {
				ALWAYS_EMBED_SWIFT_STANDARD_LIBRARIES = YES;
				BUNDLE_LOADER = "$(TEST_HOST)";
				CODE_SIGN_STYLE = Automatic;
				DEVELOPMENT_TEAM = S3ATYAJ48Q;
				INFOPLIST_FILE = PhotoLibraryTests/Info.plist;
				LD_RUNPATH_SEARCH_PATHS = "$(inherited) @executable_path/Frameworks @loader_path/Frameworks";
				PRODUCT_BUNDLE_IDENTIFIER = com.jiayi.cameraTest.PhotoLibraryTests;
				PRODUCT_NAME = "$(TARGET_NAME)";
				SWIFT_VERSION = 4.0;
				TARGETED_DEVICE_FAMILY = "1,2";
				TEST_HOST = "$(BUILT_PRODUCTS_DIR)/PhotoLibrary.app/PhotoLibrary";
			};
			name = Debug;
		};
		BD41C8E01FBD402E00054448 /* Release */ = {
			isa = XCBuildConfiguration;
			buildSettings = {
				ALWAYS_EMBED_SWIFT_STANDARD_LIBRARIES = YES;
				BUNDLE_LOADER = "$(TEST_HOST)";
				CODE_SIGN_STYLE = Automatic;
				DEVELOPMENT_TEAM = S3ATYAJ48Q;
				INFOPLIST_FILE = PhotoLibraryTests/Info.plist;
				LD_RUNPATH_SEARCH_PATHS = "$(inherited) @executable_path/Frameworks @loader_path/Frameworks";
				PRODUCT_BUNDLE_IDENTIFIER = com.jiayi.cameraTest.PhotoLibraryTests;
				PRODUCT_NAME = "$(TARGET_NAME)";
				SWIFT_VERSION = 4.0;
				TARGETED_DEVICE_FAMILY = "1,2";
				TEST_HOST = "$(BUILT_PRODUCTS_DIR)/PhotoLibrary.app/PhotoLibrary";
			};
			name = Release;
		};
		BD41C8E21FBD402E00054448 /* Debug */ = {
			isa = XCBuildConfiguration;
			buildSettings = {
				ALWAYS_EMBED_SWIFT_STANDARD_LIBRARIES = YES;
				CODE_SIGN_STYLE = Automatic;
				DEVELOPMENT_TEAM = S3ATYAJ48Q;
				INFOPLIST_FILE = PhotoLibraryUITests/Info.plist;
				LD_RUNPATH_SEARCH_PATHS = "$(inherited) @executable_path/Frameworks @loader_path/Frameworks";
				PRODUCT_BUNDLE_IDENTIFIER = com.jiayi.cameraTest.PhotoLibraryUITests;
				PRODUCT_NAME = "$(TARGET_NAME)";
				SWIFT_VERSION = 4.0;
				TARGETED_DEVICE_FAMILY = "1,2";
				TEST_TARGET_NAME = PhotoLibrary;
			};
			name = Debug;
		};
		BD41C8E31FBD402E00054448 /* Release */ = {
			isa = XCBuildConfiguration;
			buildSettings = {
				ALWAYS_EMBED_SWIFT_STANDARD_LIBRARIES = YES;
				CODE_SIGN_STYLE = Automatic;
				DEVELOPMENT_TEAM = S3ATYAJ48Q;
				INFOPLIST_FILE = PhotoLibraryUITests/Info.plist;
				LD_RUNPATH_SEARCH_PATHS = "$(inherited) @executable_path/Frameworks @loader_path/Frameworks";
				PRODUCT_BUNDLE_IDENTIFIER = com.jiayi.cameraTest.PhotoLibraryUITests;
				PRODUCT_NAME = "$(TARGET_NAME)";
				SWIFT_VERSION = 4.0;
				TARGETED_DEVICE_FAMILY = "1,2";
				TEST_TARGET_NAME = PhotoLibrary;
			};
			name = Release;
		};
/* End XCBuildConfiguration section */

/* Begin XCConfigurationList section */
		BD41C8AE1FBD402E00054448 /* Build configuration list for PBXProject "PhotoLibrary" */ = {
			isa = XCConfigurationList;
			buildConfigurations = (
				BD41C8D91FBD402E00054448 /* Debug */,
				BD41C8DA1FBD402E00054448 /* Release */,
			);
			defaultConfigurationIsVisible = 0;
			defaultConfigurationName = Release;
		};
		BD41C8DB1FBD402E00054448 /* Build configuration list for PBXNativeTarget "PhotoLibrary" */ = {
			isa = XCConfigurationList;
			buildConfigurations = (
				BD41C8DC1FBD402E00054448 /* Debug */,
				BD41C8DD1FBD402E00054448 /* Release */,
			);
			defaultConfigurationIsVisible = 0;
			defaultConfigurationName = Release;
		};
		BD41C8DE1FBD402E00054448 /* Build configuration list for PBXNativeTarget "PhotoLibraryTests" */ = {
			isa = XCConfigurationList;
			buildConfigurations = (
				BD41C8DF1FBD402E00054448 /* Debug */,
				BD41C8E01FBD402E00054448 /* Release */,
			);
			defaultConfigurationIsVisible = 0;
			defaultConfigurationName = Release;
		};
		BD41C8E11FBD402E00054448 /* Build configuration list for PBXNativeTarget "PhotoLibraryUITests" */ = {
			isa = XCConfigurationList;
			buildConfigurations = (
				BD41C8E21FBD402E00054448 /* Debug */,
				BD41C8E31FBD402E00054448 /* Release */,
			);
			defaultConfigurationIsVisible = 0;
			defaultConfigurationName = Release;
		};
/* End XCConfigurationList section */
	};
	rootObject = BD41C8AB1FBD402E00054448 /* Project object */;
}
